
Microsoft Visual Studio Solution File, Format Version 12.00
# Visual Studio Version 17
VisualStudioVersion = 17.4.33213.308
MinimumVisualStudioVersion = 10.0.40219.1
Project("{FAE04EC0-301F-11D3-BF4B-00C04F79EFBC}") = "RDA.Task.2", "RDA.Task.2\RDA.Task.2.csproj", "{BEF0B5E1-FABD-42B6-9026-606FE1CA2071}"
EndProject
Global
	GlobalSection(SolutionConfigurationPlatforms) = preSolution
		Debug|Any CPU = Debug|Any CPU
		Release|Any CPU = Release|Any CPU
	EndGlobalSection
	GlobalSection(ProjectConfigurationPlatforms) = postSolution
		{BEF0B5E1-FABD-42B6-9026-606FE1CA2071}.Debug|Any CPU.ActiveCfg = Debug|Any CPU
		{BEF0B5E1-FABD-42B6-9026-606FE1CA2071}.Debug|Any CPU.Build.0 = Debug|Any CPU
		{BEF0B5E1-FABD-42B6-9026-606FE1CA2071}.Release|Any CPU.ActiveCfg = Release|Any CPU
		{BEF0B5E1-FABD-42B6-9026-606FE1CA2071}.Release|Any CPU.Build.0 = Release|Any CPU
	EndGlobalSection
	GlobalSection(SolutionProperties) = preSolution
		HideSolutionNode = FALSE
	EndGlobalSection
	GlobalSection(ExtensibilityGlobals) = postSolution
		SolutionGuid = {F3771A5B-143A-4505-9AA3-9F19C13546D9}
	EndGlobalSection
EndGlobal
